
Microsoft Visual Studio Solution File, Format Version 12.00
# Visual Studio Version 17
VisualStudioVersion = 17.10.34916.146
MinimumVisualStudioVersion = 10.0.40219.1
Project("{FAE04EC0-301F-11D3-BF4B-00C04F79EFBC}") = "TP-Reflexion", "TP-Reflexion\TP-Reflexion.csproj", "{EC3D1BCF-F92F-4424-B2F2-C47CF2DE6D2E}"
EndProject
Global
	GlobalSection(SolutionConfigurationPlatforms) = preSolution
		Debug|Any CPU = Debug|Any CPU
		Release|Any CPU = Release|Any CPU
	EndGlobalSection
	GlobalSection(ProjectConfigurationPlatforms) = postSolution
		{EC3D1BCF-F92F-4424-B2F2-C47CF2DE6D2E}.Debug|Any CPU.ActiveCfg = Debug|Any CPU
		{EC3D1BCF-F92F-4424-B2F2-C47CF2DE6D2E}.Debug|Any CPU.Build.0 = Debug|Any CPU
		{EC3D1BCF-F92F-4424-B2F2-C47CF2DE6D2E}.Release|Any CPU.ActiveCfg = Release|Any CPU
		{EC3D1BCF-F92F-4424-B2F2-C47CF2DE6D2E}.Release|Any CPU.Build.0 = Release|Any CPU
	EndGlobalSection
	GlobalSection(SolutionProperties) = preSolution
		HideSolutionNode = FALSE
	EndGlobalSection
	GlobalSection(ExtensibilityGlobals) = postSolution
		SolutionGuid = {52A3270A-DE19-4FF8-B7EE-1356B97978F2}
	EndGlobalSection
EndGlobal
